schema: '2.0'
stages:
  train:
    cmd: python3 train.py
    deps:
    - path: data
      hash: md5
      md5: fb439a70b7f5c2d54255c0c42549552c.dir
      size: 92001
      nfiles: 1
    - path: train.py
      hash: md5
      md5: 939b1e2fb36e234d9d7d0f5af0d0ec78
      size: 3585
    outs:
    - path: metrics.csv
      hash: md5
      md5: 0cb467a7371594a9182d72c649aab255
      size: 46
    - path: models/model.joblib
      hash: md5
      md5: 22269411c706cb1a0d97c3bb0cfe013d
      size: 171422705
