schema: '2.0'
stages:
  train:
    cmd: python3 train.py
    deps:
    - path: data
      hash: md5
      md5: fb439a70b7f5c2d54255c0c42549552c.dir
      size: 92001
      nfiles: 1
    - path: train.py
      hash: md5
      md5: 9ab651998b2e958eae0336d015f7b26b
      size: 3585
    outs:
    - path: metrics.csv
      hash: md5
      md5: 934c6aa431867a5cedec07507ea9ce6a
      size: 54
    - path: models/model.joblib
      hash: md5
      md5: 58da03eadc5786cff2e3a244d3c455ab
      size: 34337777
